// !$*UTF8*$!
{
	archiveVersion = 1;
	classes = {
	};
	objectVersion = 46;
	objects = {

/* Begin PBXBuildFile section */
		FB7D47A41D5CF5DB001FCE09 /* AppDelegate.swift in Sources */ = {isa = PBXBuildFile; fileRef = FB7D47A31D5CF5DB001FCE09 /* AppDelegate.swift */; };
		FB7D47A61D5CF5DB001FCE09 /* ViewController.swift in Sources */ = {isa = PBXBuildFile; fileRef = FB7D47A51D5CF5DB001FCE09 /* ViewController.swift */; };
		FB7D47A91D5CF5DB001FCE09 /* Main.storyboard in Resources */ = {isa = PBXBuildFile; fileRef = FB7D47A71D5CF5DB001FCE09 /* Main.storyboard */; };
		FB7D47AB1D5CF5DB001FCE09 /* Assets.xcassets in Resources */ = {isa = PBXBuildFile; fileRef = FB7D47AA1D5CF5DB001FCE09 /* Assets.xcassets */; };
		FB7D47AE1D5CF5DB001FCE09 /* LaunchScreen.storyboard in Resources */ = {isa = PBXBuildFile; fileRef = FB7D47AC1D5CF5DB001FCE09 /* LaunchScreen.storyboard */; };
/* End PBXBuildFile section */

/* Begin PBXFileReference section */
		FB7D47A01D5CF5DB001FCE09 /* Divisas.app */ = {isa = PBXFileReference; explicitFileType = wrapper.application; includeInIndex = 0; path = Divisas.app; sourceTree = BUILT_PRODUCTS_DIR; };
		FB7D47A31D5CF5DB001FCE09 /* AppDelegate.swift */ = {isa = PBXFileReference; lastKnownFileType = sourcecode.swift; path = AppDelegate.swift; sourceTree = "<group>"; };
		FB7D47A51D5CF5DB001FCE09 /* ViewController.swift */ = {isa = PBXFileReference; lastKnownFileType = sourcecode.swift; path = ViewController.swift; sourceTree = "<group>"; };
		FB7D47A81D5CF5DB001FCE09 /* Base */ = {isa = PBXFileReference; lastKnownFileType = file.storyboard; name = Base; path = Base.lproj/Main.storyboard; sourceTree = "<group>"; };
		FB7D47AA1D5CF5DB001FCE09 /* Assets.xcassets */ = {isa = PBXFileReference; lastKnownFileType = folder.assetcatalog; path = Assets.xcassets; sourceTree = "<group>"; };
		FB7D47AD1D5CF5DB001FCE09 /* Base */ = {isa = PBXFileReference; lastKnownFileType = file.storyboard; name = Base; path = Base.lproj/LaunchScreen.storyboard; sourceTree = "<group>"; };
		FB7D47AF1D5CF5DB001FCE09 /* Info.plist */ = {isa = PBXFileReference; lastKnownFileType = text.plist.xml; path = Info.plist; sourceTree = "<group>"; };
/* End PBXFileReference section */

/* Begin PBXFrameworksBuildPhase section */
		FB7D479D1D5CF5DB001FCE09 /* Frameworks */ = {
			isa = PBXFrameworksBuildPhase;
			buildActionMask = 2147483647;
			files = (
			);
			runOnlyForDeploymentPostprocessing = 0;
		};
/* End PBXFrameworksBuildPhase section */

/* Begin PBXGroup section */
		FB7D47971D5CF5DB001FCE09 = {
			isa = PBXGroup;
			children = (
				FB7D47A21D5CF5DB001FCE09 /* Divisas */,
				FB7D47A11D5CF5DB001FCE09 /* Products */,
			);
			sourceTree = "<group>";
		};
		FB7D47A11D5CF5DB001FCE09 /* Products */ = {
			isa = PBXGroup;
			children = (
				FB7D47A01D5CF5DB001FCE09 /* Divisas.app */,
			);
			name = Products;
			sourceTree = "<group>";
		};
		FB7D47A21D5CF5DB001FCE09 /* Divisas */ = {
			isa = PBXGroup;
			children = (
				FB7D47A31D5CF5DB001FCE09 /* AppDelegate.swift */,
				FB7D47A51D5CF5DB001FCE09 /* ViewController.swift */,
				FB7D47A71D5CF5DB001FCE09 /* Main.storyboard */,
				FB7D47AA1D5CF5DB001FCE09 /* Assets.xcassets */,
				FB7D47AC1D5CF5DB001FCE09 /* LaunchScreen.storyboard */,
				FB7D47AF1D5CF5DB001FCE09 /* Info.plist */,
			);
			path = Divisas;
			sourceTree = "<group>";
		};
/* End PBXGroup section */

/* Begin PBXNativeTarget section */
		FB7D479F1D5CF5DB001FCE09 /* Divisas */ = {
			isa = PBXNativeTarget;
			buildConfigurationList = FB7D47B21D5CF5DB001FCE09 /* Build configuration list for PBXNativeTarget "Divisas" */;
			buildPhases = (
				FB7D479C1D5CF5DB001FCE09 /* Sources */,
				FB7D479D1D5CF5DB001FCE09 /* Frameworks */,
				FB7D479E1D5CF5DB001FCE09 /* Resources */,
			);
			buildRules = (
			);
			dependencies = (
			);
			name = Divisas;
			productName = Divisas;
			productReference = FB7D47A01D5CF5DB001FCE09 /* Divisas.app */;
			productType = "com.apple.product-type.application";
		};
/* End PBXNativeTarget section */

/* Begin PBXProject section */
		FB7D47981D5CF5DB001FCE09 /* Project object */ = {
			isa = PBXProject;
			attributes = {
				LastSwiftUpdateCheck = 0730;
				LastUpgradeCheck = 0730;
				ORGANIZATIONNAME = bernardo;
				TargetAttributes = {
					FB7D479F1D5CF5DB001FCE09 = {
						CreatedOnToolsVersion = 7.3.1;
					};
				};
			};
			buildConfigurationList = FB7D479B1D5CF5DB001FCE09 /* Build configuration list for PBXProject "Divisas" */;
			compatibilityVersion = "Xcode 3.2";
			developmentRegion = English;
			hasScannedForEncodings = 0;
			knownRegions = (
				en,
				Base,
			);
			mainGroup = FB7D47971D5CF5DB001FCE09;
			productRefGroup = FB7D47A11D5CF5DB001FCE09 /* Products */;
			projectDirPath = "";
			projectRoot = "";
			targets = (
				FB7D479F1D5CF5DB001FCE09 /* Divisas */,
			);
		};
/* End PBXProject section */

/* Begin PBXResourcesBuildPhase section */
		FB7D479E1D5CF5DB001FCE09 /* Resources */ = {
			isa = PBXResourcesBuildPhase;
			buildActionMask = 2147483647;
			files = (
				FB7D47AE1D5CF5DB001FCE09 /* LaunchScreen.storyboard in Resources */,
				FB7D47AB1D5CF5DB001FCE09 /* Assets.xcassets in Resources */,
				FB7D47A91D5CF5DB001FCE09 /* Main.storyboard in Resources */,
			);
			runOnlyForDeploymentPostprocessing = 0;
		};
/* End PBXResourcesBuildPhase section */

/* Begin PBXSourcesBuildPhase section */
		FB7D479C1D5CF5DB001FCE09 /* Sources */ = {
			isa = PBXSourcesBuildPhase;
			buildActionMask = 2147483647;
			files = (
				FB7D47A61D5CF5DB001FCE09 /* ViewController.swift in Sources */,
				FB7D47A41D5CF5DB001FCE09 /* AppDelegate.swift in Sources */,
			);
			runOnlyForDeploymentPostprocessing = 0;
		};
/* End PBXSourcesBuildPhase section */

/* Begin PBXVariantGroup section */
		FB7D47A71D5CF5DB001FCE09 /* Main.storyboard */ = {
			isa = PBXVariantGroup;
			children = (
				FB7D47A81D5CF5DB001FCE09 /* Base */,
			);
			name = Main.storyboard;
			sourceTree = "<group>";
		};
		FB7D47AC1D5CF5DB001FCE09 /* LaunchScreen.storyboard */ = {
			isa = PBXVariantGroup;
			children = (
				FB7D47AD1D5CF5DB001FCE09 /* Base */,
			);
			name = LaunchScreen.storyboard;
			sourceTree = "<group>";
		};
/* End PBXVariantGroup section */

/* Begin XCBuildConfiguration section */
		FB7D47B01D5CF5DB001FCE09 /* Debug */ = {
			isa = XCBuildConfiguration;
			buildSettings = {
				ALWAYS_SEARCH_USER_PATHS = NO;
				CLANG_ANALYZER_NONNULL = YES;
				CLANG_CXX_LANGUAGE_STANDARD = "gnu++0x";
				CLANG_CXX_LIBRARY = "libc++";
				CLANG_ENABLE_MODULES = YES;
				CLANG_ENABLE_OBJC_ARC = YES;
				CLANG_WARN_BOOL_CONVERSION = YES;
				CLANG_WARN_CONSTANT_CONVERSION = YES;
				CLANG_WARN_DIRECT_OBJC_ISA_USAGE = YES_ERROR;
				CLANG_WARN_EMPTY_BODY = YES;
				CLANG_WARN_ENUM_CONVERSION = YES;
				CLANG_WARN_INT_CONVERSION = YES;
				CLANG_WARN_OBJC_ROOT_CLASS = YES_ERROR;
				CLANG_WARN_UNREACHABLE_CODE = YES;
				CLANG_WARN__DUPLICATE_METHOD_MATCH = YES;
				"CODE_SIGN_IDENTITY[sdk=iphoneos*]" = "iPhone Developer";
				COPY_PHASE_STRIP = NO;
				DEBUG_INFORMATION_FORMAT = dwarf;
				ENABLE_STRICT_OBJC_MSGSEND = YES;
				ENABLE_TESTABILITY = YES;
				GCC_C_LANGUAGE_STANDARD = gnu99;
				GCC_DYNAMIC_NO_PIC = NO;
				GCC_NO_COMMON_BLOCKS = YES;
				GCC_OPTIMIZATION_LEVEL = 0;
				GCC_PREPROCESSOR_DEFINITIONS = (
					"DEBUG=1",
					"$(inherited)",
				);
				GCC_WARN_64_TO_32_BIT_CONVERSION = YES;
				GCC_WARN_ABOUT_RETURN_TYPE = YES_ERROR;
				GCC_WARN_UNDECLARED_SELECTOR = YES;
				GCC_WARN_UNINITIALIZED_AUTOS = YES_AGGRESSIVE;
				GCC_WARN_UNUSED_FUNCTION = YES;
				GCC_WARN_UNUSED_VARIABLE = YES;
				IPHONEOS_DEPLOYMENT_TARGET = 9.3;
				MTL_ENABLE_DEBUG_INFO = YES;
				ONLY_ACTIVE_ARCH = YES;
				SDKROOT = iphoneos;
				SWIFT_OPTIMIZATION_LEVEL = "-Onone";
			};
			name = Debug;
		};
		FB7D47B11D5CF5DB001FCE09 /* Release */ = {
			isa = XCBuildConfiguration;
			buildSettings = {
				ALWAYS_SEARCH_USER_PATHS = NO;
				CLANG_ANALYZER_NONNULL = YES;
				CLANG_CXX_LANGUAGE_STANDARD = "gnu++0x";
				CLANG_CXX_LIBRARY = "libc++";
				CLANG_ENABLE_MODULES = YES;
				CLANG_ENABLE_OBJC_ARC = YES;
				CLANG_WARN_BOOL_CONVERSION = YES;
				CLANG_WARN_CONSTANT_CONVERSION = YES;
				CLANG_WARN_DIRECT_OBJC_ISA_USAGE = YES_ERROR;
				CLANG_WARN_EMPTY_BODY = YES;
				CLANG_WARN_ENUM_CONVERSION = YES;
				CLANG_WARN_INT_CONVERSION = YES;
				CLANG_WARN_OBJC_ROOT_CLASS = YES_ERROR;
				CLANG_WARN_UNREACHABLE_CODE = YES;
				CLANG_WARN__DUPLICATE_METHOD_MATCH = YES;
				"CODE_SIGN_IDENTITY[sdk=iphoneos*]" = "iPhone Developer";
				COPY_PHASE_STRIP = NO;
				DEBUG_INFORMATION_FORMAT = "dwarf-with-dsym";
				ENABLE_NS_ASSERTIONS = NO;
				ENABLE_STRICT_OBJC_MSGSEND = YES;
				GCC_C_LANGUAGE_STANDARD = gnu99;
				GCC_NO_COMMON_BLOCKS = YES;
				GCC_WARN_64_TO_32_BIT_CONVERSION = YES;
				GCC_WARN_ABOUT_RETURN_TYPE = YES_ERROR;
				GCC_WARN_UNDECLARED_SELECTOR = YES;
				GCC_WARN_UNINITIALIZED_AUTOS = YES_AGGRESSIVE;
				GCC_WARN_UNUSED_FUNCTION = YES;
				GCC_WARN_UNUSED_VARIABLE = YES;
				IPHONEOS_DEPLOYMENT_TARGET = 9.3;
				MTL_ENABLE_DEBUG_INFO = NO;
				SDKROOT = iphoneos;
				VALIDATE_PRODUCT = YES;
			};
			name = Release;
		};
		FB7D47B31D5CF5DB001FCE09 /* Debug */ = {
			isa = XCBuildConfiguration;
			buildSettings = {
				ASSETCATALOG_COMPILER_APPICON_NAME = AppIcon;
				INFOPLIST_FILE = Divisas/Info.plist;
				LD_RUNPATH_SEARCH_PATHS = "$(inherited) @executable_path/Frameworks";
				PRODUCT_BUNDLE_IDENTIFIER = bernardo.com.Divisas;
				PRODUCT_NAME = "$(TARGET_NAME)";
			};
			name = Debug;
		};
		FB7D47B41D5CF5DB001FCE09 /* Release */ = {
			isa = XCBuildConfiguration;
			buildSettings = {
				ASSETCATALOG_COMPILER_APPICON_NAME = AppIcon;
				INFOPLIST_FILE = Divisas/Info.plist;
				LD_RUNPATH_SEARCH_PATHS = "$(inherited) @executable_path/Frameworks";
				PRODUCT_BUNDLE_IDENTIFIER = bernardo.com.Divisas;
				PRODUCT_NAME = "$(TARGET_NAME)";
			};
			name = Release;
		};
/* End XCBuildConfiguration section */

/* Begin XCConfigurationList section */
		FB7D479B1D5CF5DB001FCE09 /* Build configuration list for PBXProject "Divisas" */ = {
			isa = XCConfigurationList;
			buildConfigurations = (
				FB7D47B01D5CF5DB001FCE09 /* Debug */,
				FB7D47B11D5CF5DB001FCE09 /* Release */,
			);
			defaultConfigurationIsVisible = 0;
			defaultConfigurationName = Release;
		};
		FB7D47B21D5CF5DB001FCE09 /* Build configuration list for PBXNativeTarget "Divisas" */ = {
			isa = XCConfigurationList;
			buildConfigurations = (
				FB7D47B31D5CF5DB001FCE09 /* Debug */,
				FB7D47B41D5CF5DB001FCE09 /* Release */,
			);
			defaultConfigurationIsVisible = 0;
		};
/* End XCConfigurationList section */
	};
	rootObject = FB7D47981D5CF5DB001FCE09 /* Project object */;
}
